{
  "name": "goei-sync",
  "version": "0.2.0",
  "lockfileVersion": 3,
  "requires": true,
  "packages": {
    "": {
      "name": "goei-sync",
      "version": "0.2.0",
      "license": "MIT",
      "dependencies": {
        "ai-price-index": "^1.0.10"
      },
      "bin": {
        "goei-sync": "bin/goei-sync.js"
      },
      "engines": {
        "node": ">=18"
      }
    },
    "node_modules/ai-price-index": {
      "version": "1.0.10",
      "resolved": "https://registry.npmjs.org/ai-price-index/-/ai-price-index-1.0.10.tgz",
      "integrity": "sha512-+A6v1QwNEEwBV6t/N7tj2Q68Fd+yk+qP/S/RaAwVq8FrSBPVmNzlXqiQJRlB+urbo83fDh2Slm5/hu0DS1zUmQ==",
      "license": "MIT",
      "bin": {
        "ai-price-index": "bin/cli.js"
      },
      "engines": {
        "node": ">=18"
      }
    }
  }
}
